
Microsoft Visual Studio Solution File, Format Version 12.00
# Visual Studio Version 17
VisualStudioVersion = 17.3.32929.385
MinimumVisualStudioVersion = 10.0.40219.1
Project("{9A19103F-16F7-4668-BE54-9A1E7A4F7556}") = "ActionSystem", "ActionSystem.csproj", "{034167C6-736D-4B23-995C-DD8983B843D6}"
EndProject
Project("{FAE04EC0-301F-11D3-BF4B-00C04F79EFBC}") = "ActionSystemTest", "..\ActionSystemTest\ActionSystemTest.csproj", "{D4016733-AFC5-4C24-A128-D061CCD60FC1}"
EndProject
Global
	GlobalSection(SolutionConfigurationPlatforms) = preSolution
		Debug|Any CPU = Debug|Any CPU
		Debug|x64 = Debug|x64
		Debug|x86 = Debug|x86
		Release|Any CPU = Release|Any CPU
		Release|x64 = Release|x64
		Release|x86 = Release|x86
	EndGlobalSection
	GlobalSection(ProjectConfigurationPlatforms) = postSolution
		{034167C6-736D-4B23-995C-DD8983B843D6}.Debug|Any CPU.ActiveCfg = Debug|Any CPU
		{034167C6-736D-4B23-995C-DD8983B843D6}.Debug|Any CPU.Build.0 = Debug|Any CPU
		{034167C6-736D-4B23-995C-DD8983B843D6}.Debug|x64.ActiveCfg = Debug|Any CPU
		{034167C6-736D-4B23-995C-DD8983B843D6}.Debug|x64.Build.0 = Debug|Any CPU
		{034167C6-736D-4B23-995C-DD8983B843D6}.Debug|x86.ActiveCfg = Debug|Any CPU
		{034167C6-736D-4B23-995C-DD8983B843D6}.Debug|x86.Build.0 = Debug|Any CPU
		{034167C6-736D-4B23-995C-DD8983B843D6}.Release|Any CPU.ActiveCfg = Release|Any CPU
		{034167C6-736D-4B23-995C-DD8983B843D6}.Release|Any CPU.Build.0 = Release|Any CPU
		{034167C6-736D-4B23-995C-DD8983B843D6}.Release|x64.ActiveCfg = Release|Any CPU
		{034167C6-736D-4B23-995C-DD8983B843D6}.Release|x64.Build.0 = Release|Any CPU
		{034167C6-736D-4B23-995C-DD8983B843D6}.Release|x86.ActiveCfg = Release|Any CPU
		{034167C6-736D-4B23-995C-DD8983B843D6}.Release|x86.Build.0 = Release|Any CPU
		{D4016733-AFC5-4C24-A128-D061CCD60FC1}.Debug|Any CPU.ActiveCfg = Debug|Any CPU
		{D4016733-AFC5-4C24-A128-D061CCD60FC1}.Debug|Any CPU.Build.0 = Debug|Any CPU
		{D4016733-AFC5-4C24-A128-D061CCD60FC1}.Debug|x64.ActiveCfg = Debug|Any CPU
		{D4016733-AFC5-4C24-A128-D061CCD60FC1}.Debug|x64.Build.0 = Debug|Any CPU
		{D4016733-AFC5-4C24-A128-D061CCD60FC1}.Debug|x86.ActiveCfg = Debug|Any CPU
		{D4016733-AFC5-4C24-A128-D061CCD60FC1}.Debug|x86.Build.0 = Debug|Any CPU
		{D4016733-AFC5-4C24-A128-D061CCD60FC1}.Release|Any CPU.ActiveCfg = Release|Any CPU
		{D4016733-AFC5-4C24-A128-D061CCD60FC1}.Release|Any CPU.Build.0 = Release|Any CPU
		{D4016733-AFC5-4C24-A128-D061CCD60FC1}.Release|x64.ActiveCfg = Release|Any CPU
		{D4016733-AFC5-4C24-A128-D061CCD60FC1}.Release|x64.Build.0 = Release|Any CPU
		{D4016733-AFC5-4C24-A128-D061CCD60FC1}.Release|x86.ActiveCfg = Release|Any CPU
		{D4016733-AFC5-4C24-A128-D061CCD60FC1}.Release|x86.Build.0 = Release|Any CPU
	EndGlobalSection
	GlobalSection(SolutionProperties) = preSolution
		HideSolutionNode = FALSE
	EndGlobalSection
	GlobalSection(ExtensibilityGlobals) = postSolution
		SolutionGuid = {39E7B678-8435-4326-AC03-155D7AAB055D}
	EndGlobalSection
EndGlobal
